// !$*UTF8*$!
{
	archiveVersion = 1;
	classes = {
	};
	objectVersion = 56;
	objects = {

/* Begin PBXBuildFile section */
		534F55232A603B1000A565F8 /* AppDelegate.swift in Sources */ = {isa = PBXBuildFile; fileRef = 534F55222A603B1000A565F8 /* AppDelegate.swift */; };
		534F55252A603B1000A565F8 /* SceneDelegate.swift in Sources */ = {isa = PBXBuildFile; fileRef = 534F55242A603B1000A565F8 /* SceneDelegate.swift */; };
		534F55272A603B1000A565F8 /* LoginViewController.swift in Sources */ = {isa = PBXBuildFile; fileRef = 534F55262A603B1000A565F8 /* LoginViewController.swift */; };
		534F552C2A603B1200A565F8 /* Assets.xcassets in Resources */ = {isa = PBXBuildFile; fileRef = 534F552B2A603B1200A565F8 /* Assets.xcassets */; };
		534F552F2A603B1200A565F8 /* LaunchScreen.storyboard in Resources */ = {isa = PBXBuildFile; fileRef = 534F552D2A603B1200A565F8 /* LaunchScreen.storyboard */; };
		534F55372A603B9400A565F8 /* LoginView.swift in Sources */ = {isa = PBXBuildFile; fileRef = 534F55362A603B9400A565F8 /* LoginView.swift */; };
		534F55392A60713300A565F8 /* ProfileView.swift in Sources */ = {isa = PBXBuildFile; fileRef = 534F55382A60713300A565F8 /* ProfileView.swift */; };
		534F553B2A60718600A565F8 /* ProfileViewController.swift in Sources */ = {isa = PBXBuildFile; fileRef = 534F553A2A60718600A565F8 /* ProfileViewController.swift */; };
		534F553D2A60721E00A565F8 /* ChattingViewController.swift in Sources */ = {isa = PBXBuildFile; fileRef = 534F553C2A60721E00A565F8 /* ChattingViewController.swift */; };
		534F553F2A60723C00A565F8 /* NotificationViewController.swift in Sources */ = {isa = PBXBuildFile; fileRef = 534F553E2A60723C00A565F8 /* NotificationViewController.swift */; };
		534F55412A60724E00A565F8 /* ChattingView.swift in Sources */ = {isa = PBXBuildFile; fileRef = 534F55402A60724E00A565F8 /* ChattingView.swift */; };
		534F55432A60726000A565F8 /* NotificationView.swift in Sources */ = {isa = PBXBuildFile; fileRef = 534F55422A60726000A565F8 /* NotificationView.swift */; };
		B109F91A2A605A97002E870C /* TabBarController.swift in Sources */ = {isa = PBXBuildFile; fileRef = B109F9192A605A97002E870C /* TabBarController.swift */; };
		B109F9202A605C5B002E870C /* HomeView.swift in Sources */ = {isa = PBXBuildFile; fileRef = B109F91F2A605C5B002E870C /* HomeView.swift */; };
		B109F9222A605D40002E870C /* HomeViewController.swift in Sources */ = {isa = PBXBuildFile; fileRef = B109F9212A605D40002E870C /* HomeViewController.swift */; };
		B109F9252A60687E002E870C /* FirebaseAuth in Frameworks */ = {isa = PBXBuildFile; productRef = B109F9242A60687E002E870C /* FirebaseAuth */; };
		B109F9272A60687E002E870C /* FirebaseFirestore in Frameworks */ = {isa = PBXBuildFile; productRef = B109F9262A60687E002E870C /* FirebaseFirestore */; };
		B109F9292A60687E002E870C /* FirebaseFirestoreSwift in Frameworks */ = {isa = PBXBuildFile; productRef = B109F9282A60687E002E870C /* FirebaseFirestoreSwift */; };
		B109F92B2A60687E002E870C /* FirebaseStorage in Frameworks */ = {isa = PBXBuildFile; productRef = B109F92A2A60687E002E870C /* FirebaseStorage */; };
		B109F92E2A6068D4002E870C /* GoogleService-Info.plist in Resources */ = {isa = PBXBuildFile; fileRef = B109F92D2A6068D3002E870C /* GoogleService-Info.plist */; };
/* End PBXBuildFile section */

/* Begin PBXFileReference section */
		534F551F2A603B1000A565F8 /* WeDoItTogether.app */ = {isa = PBXFileReference; explicitFileType = wrapper.application; includeInIndex = 0; path = WeDoItTogether.app; sourceTree = BUILT_PRODUCTS_DIR; };
		534F55222A603B1000A565F8 /* AppDelegate.swift */ = {isa = PBXFileReference; lastKnownFileType = sourcecode.swift; path = AppDelegate.swift; sourceTree = "<group>"; };
		534F55242A603B1000A565F8 /* SceneDelegate.swift */ = {isa = PBXFileReference; lastKnownFileType = sourcecode.swift; path = SceneDelegate.swift; sourceTree = "<group>"; };
		534F55262A603B1000A565F8 /* LoginViewController.swift */ = {isa = PBXFileReference; lastKnownFileType = sourcecode.swift; path = LoginViewController.swift; sourceTree = "<group>"; };
		534F552B2A603B1200A565F8 /* Assets.xcassets */ = {isa = PBXFileReference; lastKnownFileType = folder.assetcatalog; path = Assets.xcassets; sourceTree = "<group>"; };
		534F552E2A603B1200A565F8 /* Base */ = {isa = PBXFileReference; lastKnownFileType = file.storyboard; name = Base; path = Base.lproj/LaunchScreen.storyboard; sourceTree = "<group>"; };
		534F55302A603B1200A565F8 /* Info.plist */ = {isa = PBXFileReference; lastKnownFileType = text.plist.xml; name = Info.plist; path = WeDoItTogether/Others/Info.plist; sourceTree = SOURCE_ROOT; };
		534F55362A603B9400A565F8 /* LoginView.swift */ = {isa = PBXFileReference; lastKnownFileType = sourcecode.swift; path = LoginView.swift; sourceTree = "<group>"; };
		534F55382A60713300A565F8 /* ProfileView.swift */ = {isa = PBXFileReference; lastKnownFileType = sourcecode.swift; path = ProfileView.swift; sourceTree = "<group>"; };
		534F553A2A60718600A565F8 /* ProfileViewController.swift */ = {isa = PBXFileReference; lastKnownFileType = sourcecode.swift; path = ProfileViewController.swift; sourceTree = "<group>"; };
		534F553C2A60721E00A565F8 /* ChattingViewController.swift */ = {isa = PBXFileReference; lastKnownFileType = sourcecode.swift; path = ChattingViewController.swift; sourceTree = "<group>"; };
		534F553E2A60723C00A565F8 /* NotificationViewController.swift */ = {isa = PBXFileReference; lastKnownFileType = sourcecode.swift; path = NotificationViewController.swift; sourceTree = "<group>"; };
		534F55402A60724E00A565F8 /* ChattingView.swift */ = {isa = PBXFileReference; lastKnownFileType = sourcecode.swift; path = ChattingView.swift; sourceTree = "<group>"; };
		534F55422A60726000A565F8 /* NotificationView.swift */ = {isa = PBXFileReference; lastKnownFileType = sourcecode.swift; path = NotificationView.swift; sourceTree = "<group>"; };
		B109F9192A605A97002E870C /* TabBarController.swift */ = {isa = PBXFileReference; lastKnownFileType = sourcecode.swift; path = TabBarController.swift; sourceTree = "<group>"; };
		B109F91F2A605C5B002E870C /* HomeView.swift */ = {isa = PBXFileReference; lastKnownFileType = sourcecode.swift; path = HomeView.swift; sourceTree = "<group>"; };
		B109F9212A605D40002E870C /* HomeViewController.swift */ = {isa = PBXFileReference; lastKnownFileType = sourcecode.swift; path = HomeViewController.swift; sourceTree = "<group>"; };
		B109F92D2A6068D3002E870C /* GoogleService-Info.plist */ = {isa = PBXFileReference; fileEncoding = 4; lastKnownFileType = text.plist.xml; path = "GoogleService-Info.plist"; sourceTree = "<group>"; };
/* End PBXFileReference section */

/* Begin PBXFrameworksBuildPhase section */
		534F551C2A603B1000A565F8 /* Frameworks */ = {
			isa = PBXFrameworksBuildPhase;
			buildActionMask = 2147483647;
			files = (
				B109F9252A60687E002E870C /* FirebaseAuth in Frameworks */,
				B109F92B2A60687E002E870C /* FirebaseStorage in Frameworks */,
				B109F9272A60687E002E870C /* FirebaseFirestore in Frameworks */,
				B109F9292A60687E002E870C /* FirebaseFirestoreSwift in Frameworks */,
			);
			runOnlyForDeploymentPostprocessing = 0;
		};
/* End PBXFrameworksBuildPhase section */

/* Begin PBXGroup section */
		534F55162A603B1000A565F8 = {
			isa = PBXGroup;
			children = (
				534F55212A603B1000A565F8 /* WeDoItTogether */,
				534F55202A603B1000A565F8 /* Products */,
			);
			sourceTree = "<group>";
		};
		534F55202A603B1000A565F8 /* Products */ = {
			isa = PBXGroup;
			children = (
				534F551F2A603B1000A565F8 /* WeDoItTogether.app */,
			);
			name = Products;
			sourceTree = "<group>";
		};
		534F55212A603B1000A565F8 /* WeDoItTogether */ = {
			isa = PBXGroup;
			children = (
				B109F92C2A60688D002E870C /* Others */,
				B109F91C2A605AAA002E870C /* Controller */,
				B109F91B2A605AA1002E870C /* View */,
			);
			path = WeDoItTogether;
			sourceTree = "<group>";
		};
		B109F91B2A605AA1002E870C /* View */ = {
			isa = PBXGroup;
			children = (
				534F55362A603B9400A565F8 /* LoginView.swift */,
				B109F91F2A605C5B002E870C /* HomeView.swift */,
				534F55382A60713300A565F8 /* ProfileView.swift */,
				534F55402A60724E00A565F8 /* ChattingView.swift */,
				534F55422A60726000A565F8 /* NotificationView.swift */,
			);
			path = View;
			sourceTree = "<group>";
		};
		B109F91C2A605AAA002E870C /* Controller */ = {
			isa = PBXGroup;
			children = (
				B109F9192A605A97002E870C /* TabBarController.swift */,
				534F55262A603B1000A565F8 /* LoginViewController.swift */,
				B109F9212A605D40002E870C /* HomeViewController.swift */,
				534F553A2A60718600A565F8 /* ProfileViewController.swift */,
				534F553C2A60721E00A565F8 /* ChattingViewController.swift */,
				534F553E2A60723C00A565F8 /* NotificationViewController.swift */,
			);
			path = Controller;
			sourceTree = "<group>";
		};
		B109F92C2A60688D002E870C /* Others */ = {
			isa = PBXGroup;
			children = (
				B109F92D2A6068D3002E870C /* GoogleService-Info.plist */,
				534F55222A603B1000A565F8 /* AppDelegate.swift */,
				534F55242A603B1000A565F8 /* SceneDelegate.swift */,
				534F552B2A603B1200A565F8 /* Assets.xcassets */,
				534F552D2A603B1200A565F8 /* LaunchScreen.storyboard */,
				534F55302A603B1200A565F8 /* Info.plist */,
			);
			path = Others;
			sourceTree = "<group>";
		};
/* End PBXGroup section */

/* Begin PBXNativeTarget section */
		534F551E2A603B1000A565F8 /* WeDoItTogether */ = {
			isa = PBXNativeTarget;
			buildConfigurationList = 534F55332A603B1200A565F8 /* Build configuration list for PBXNativeTarget "WeDoItTogether" */;
			buildPhases = (
				534F551B2A603B1000A565F8 /* Sources */,
				534F551C2A603B1000A565F8 /* Frameworks */,
				534F551D2A603B1000A565F8 /* Resources */,
			);
			buildRules = (
			);
			dependencies = (
			);
			name = WeDoItTogether;
			packageProductDependencies = (
				B109F9242A60687E002E870C /* FirebaseAuth */,
				B109F9262A60687E002E870C /* FirebaseFirestore */,
				B109F9282A60687E002E870C /* FirebaseFirestoreSwift */,
				B109F92A2A60687E002E870C /* FirebaseStorage */,
			);
			productName = WeDoItTogether;
			productReference = 534F551F2A603B1000A565F8 /* WeDoItTogether.app */;
			productType = "com.apple.product-type.application";
		};
/* End PBXNativeTarget section */

/* Begin PBXProject section */
		534F55172A603B1000A565F8 /* Project object */ = {
			isa = PBXProject;
			attributes = {
				BuildIndependentTargetsInParallel = 1;
				LastSwiftUpdateCheck = 1430;
				LastUpgradeCheck = 1430;
				TargetAttributes = {
					534F551E2A603B1000A565F8 = {
						CreatedOnToolsVersion = 14.3;
					};
				};
			};
			buildConfigurationList = 534F551A2A603B1000A565F8 /* Build configuration list for PBXProject "WeDoItTogether" */;
			compatibilityVersion = "Xcode 14.0";
			developmentRegion = en;
			hasScannedForEncodings = 0;
			knownRegions = (
				en,
				Base,
			);
			mainGroup = 534F55162A603B1000A565F8;
			packageReferences = (
				B109F9232A60687E002E870C /* XCRemoteSwiftPackageReference "firebase-ios-sdk" */,
			);
			productRefGroup = 534F55202A603B1000A565F8 /* Products */;
			projectDirPath = "";
			projectRoot = "";
			targets = (
				534F551E2A603B1000A565F8 /* WeDoItTogether */,
			);
		};
/* End PBXProject section */

/* Begin PBXResourcesBuildPhase section */
		534F551D2A603B1000A565F8 /* Resources */ = {
			isa = PBXResourcesBuildPhase;
			buildActionMask = 2147483647;
			files = (
				534F552F2A603B1200A565F8 /* LaunchScreen.storyboard in Resources */,
				B109F92E2A6068D4002E870C /* GoogleService-Info.plist in Resources */,
				534F552C2A603B1200A565F8 /* Assets.xcassets in Resources */,
			);
			runOnlyForDeploymentPostprocessing = 0;
		};
/* End PBXResourcesBuildPhase section */

/* Begin PBXSourcesBuildPhase section */
		534F551B2A603B1000A565F8 /* Sources */ = {
			isa = PBXSourcesBuildPhase;
			buildActionMask = 2147483647;
			files = (
				534F55392A60713300A565F8 /* ProfileView.swift in Sources */,
				534F553F2A60723C00A565F8 /* NotificationViewController.swift in Sources */,
				534F55412A60724E00A565F8 /* ChattingView.swift in Sources */,
				534F55432A60726000A565F8 /* NotificationView.swift in Sources */,
				534F55272A603B1000A565F8 /* LoginViewController.swift in Sources */,
				B109F9202A605C5B002E870C /* HomeView.swift in Sources */,
				534F55372A603B9400A565F8 /* LoginView.swift in Sources */,
				B109F91A2A605A97002E870C /* TabBarController.swift in Sources */,
				534F55232A603B1000A565F8 /* AppDelegate.swift in Sources */,
				534F553D2A60721E00A565F8 /* ChattingViewController.swift in Sources */,
				534F553B2A60718600A565F8 /* ProfileViewController.swift in Sources */,
				B109F9222A605D40002E870C /* HomeViewController.swift in Sources */,
				534F55252A603B1000A565F8 /* SceneDelegate.swift in Sources */,
			);
			runOnlyForDeploymentPostprocessing = 0;
		};
/* End PBXSourcesBuildPhase section */

/* Begin PBXVariantGroup section */
		534F552D2A603B1200A565F8 /* LaunchScreen.storyboard */ = {
			isa = PBXVariantGroup;
			children = (
				534F552E2A603B1200A565F8 /* Base */,
			);
			name = LaunchScreen.storyboard;
			sourceTree = "<group>";
		};
/* End PBXVariantGroup section */

/* Begin XCBuildConfiguration section */
		534F55312A603B1200A565F8 /* Debug */ = {
			isa = XCBuildConfiguration;
			buildSettings = {
				ALWAYS_SEARCH_USER_PATHS = NO;
				CLANG_ANALYZER_NONNULL = YES;
				CLANG_ANALYZER_NUMBER_OBJECT_CONVERSION = YES_AGGRESSIVE;
				CLANG_CXX_LANGUAGE_STANDARD = "gnu++20";
				CLANG_ENABLE_MODULES = YES;
				CLANG_ENABLE_OBJC_ARC = YES;
				CLANG_ENABLE_OBJC_WEAK = YES;
				CLANG_WARN_BLOCK_CAPTURE_AUTORELEASING = YES;
				CLANG_WARN_BOOL_CONVERSION = YES;
				CLANG_WARN_COMMA = YES;
				CLANG_WARN_CONSTANT_CONVERSION = YES;
				CLANG_WARN_DEPRECATED_OBJC_IMPLEMENTATIONS = YES;
				CLANG_WARN_DIRECT_OBJC_ISA_USAGE = YES_ERROR;
				CLANG_WARN_DOCUMENTATION_COMMENTS = YES;
				CLANG_WARN_EMPTY_BODY = YES;
				CLANG_WARN_ENUM_CONVERSION = YES;
				CLANG_WARN_INFINITE_RECURSION = YES;
				CLANG_WARN_INT_CONVERSION = YES;
				CLANG_WARN_NON_LITERAL_NULL_CONVERSION = YES;
				CLANG_WARN_OBJC_IMPLICIT_RETAIN_SELF = YES;
				CLANG_WARN_OBJC_LITERAL_CONVERSION = YES;
				CLANG_WARN_OBJC_ROOT_CLASS = YES_ERROR;
				CLANG_WARN_QUOTED_INCLUDE_IN_FRAMEWORK_HEADER = YES;
				CLANG_WARN_RANGE_LOOP_ANALYSIS = YES;
				CLANG_WARN_STRICT_PROTOTYPES = YES;
				CLANG_WARN_SUSPICIOUS_MOVE = YES;
				CLANG_WARN_UNGUARDED_AVAILABILITY = YES_AGGRESSIVE;
				CLANG_WARN_UNREACHABLE_CODE = YES;
				CLANG_WARN__DUPLICATE_METHOD_MATCH = YES;
				COPY_PHASE_STRIP = NO;
				DEBUG_INFORMATION_FORMAT = dwarf;
				ENABLE_STRICT_OBJC_MSGSEND = YES;
				ENABLE_TESTABILITY = YES;
				GCC_C_LANGUAGE_STANDARD = gnu11;
				GCC_DYNAMIC_NO_PIC = NO;
				GCC_NO_COMMON_BLOCKS = YES;
				GCC_OPTIMIZATION_LEVEL = 0;
				GCC_PREPROCESSOR_DEFINITIONS = (
					"DEBUG=1",
					"$(inherited)",
				);
				GCC_WARN_64_TO_32_BIT_CONVERSION = YES;
				GCC_WARN_ABOUT_RETURN_TYPE = YES_ERROR;
				GCC_WARN_UNDECLARED_SELECTOR = YES;
				GCC_WARN_UNINITIALIZED_AUTOS = YES_AGGRESSIVE;
				GCC_WARN_UNUSED_FUNCTION = YES;
				GCC_WARN_UNUSED_VARIABLE = YES;
				IPHONEOS_DEPLOYMENT_TARGET = 16.4;
				MTL_ENABLE_DEBUG_INFO = INCLUDE_SOURCE;
				MTL_FAST_MATH = YES;
				ONLY_ACTIVE_ARCH = YES;
				SDKROOT = iphoneos;
				SWIFT_ACTIVE_COMPILATION_CONDITIONS = DEBUG;
				SWIFT_OPTIMIZATION_LEVEL = "-Onone";
			};
			name = Debug;
		};
		534F55322A603B1200A565F8 /* Release */ = {
			isa = XCBuildConfiguration;
			buildSettings = {
				ALWAYS_SEARCH_USER_PATHS = NO;
				CLANG_ANALYZER_NONNULL = YES;
				CLANG_ANALYZER_NUMBER_OBJECT_CONVERSION = YES_AGGRESSIVE;
				CLANG_CXX_LANGUAGE_STANDARD = "gnu++20";
				CLANG_ENABLE_MODULES = YES;
				CLANG_ENABLE_OBJC_ARC = YES;
				CLANG_ENABLE_OBJC_WEAK = YES;
				CLANG_WARN_BLOCK_CAPTURE_AUTORELEASING = YES;
				CLANG_WARN_BOOL_CONVERSION = YES;
				CLANG_WARN_COMMA = YES;
				CLANG_WARN_CONSTANT_CONVERSION = YES;
				CLANG_WARN_DEPRECATED_OBJC_IMPLEMENTATIONS = YES;
				CLANG_WARN_DIRECT_OBJC_ISA_USAGE = YES_ERROR;
				CLANG_WARN_DOCUMENTATION_COMMENTS = YES;
				CLANG_WARN_EMPTY_BODY = YES;
				CLANG_WARN_ENUM_CONVERSION = YES;
				CLANG_WARN_INFINITE_RECURSION = YES;
				CLANG_WARN_INT_CONVERSION = YES;
				CLANG_WARN_NON_LITERAL_NULL_CONVERSION = YES;
				CLANG_WARN_OBJC_IMPLICIT_RETAIN_SELF = YES;
				CLANG_WARN_OBJC_LITERAL_CONVERSION = YES;
				CLANG_WARN_OBJC_ROOT_CLASS = YES_ERROR;
				CLANG_WARN_QUOTED_INCLUDE_IN_FRAMEWORK_HEADER = YES;
				CLANG_WARN_RANGE_LOOP_ANALYSIS = YES;
				CLANG_WARN_STRICT_PROTOTYPES = YES;
				CLANG_WARN_SUSPICIOUS_MOVE = YES;
				CLANG_WARN_UNGUARDED_AVAILABILITY = YES_AGGRESSIVE;
				CLANG_WARN_UNREACHABLE_CODE = YES;
				CLANG_WARN__DUPLICATE_METHOD_MATCH = YES;
				COPY_PHASE_STRIP = NO;
				DEBUG_INFORMATION_FORMAT = "dwarf-with-dsym";
				ENABLE_NS_ASSERTIONS = NO;
				ENABLE_STRICT_OBJC_MSGSEND = YES;
				GCC_C_LANGUAGE_STANDARD = gnu11;
				GCC_NO_COMMON_BLOCKS = YES;
				GCC_WARN_64_TO_32_BIT_CONVERSION = YES;
				GCC_WARN_ABOUT_RETURN_TYPE = YES_ERROR;
				GCC_WARN_UNDECLARED_SELECTOR = YES;
				GCC_WARN_UNINITIALIZED_AUTOS = YES_AGGRESSIVE;
				GCC_WARN_UNUSED_FUNCTION = YES;
				GCC_WARN_UNUSED_VARIABLE = YES;
				IPHONEOS_DEPLOYMENT_TARGET = 16.4;
				MTL_ENABLE_DEBUG_INFO = NO;
				MTL_FAST_MATH = YES;
				SDKROOT = iphoneos;
				SWIFT_COMPILATION_MODE = wholemodule;
				SWIFT_OPTIMIZATION_LEVEL = "-O";
				VALIDATE_PRODUCT = YES;
			};
			name = Release;
		};
		534F55342A603B1200A565F8 /* Debug */ = {
			isa = XCBuildConfiguration;
			buildSettings = {
				ASSETCATALOG_COMPILER_APPICON_NAME = AppIcon;
				ASSETCATALOG_COMPILER_GLOBAL_ACCENT_COLOR_NAME = AccentColor;
				CODE_SIGN_STYLE = Automatic;
				CURRENT_PROJECT_VERSION = 1;
				DEVELOPMENT_TEAM = 977J65FA28;
				GENERATE_INFOPLIST_FILE = YES;
				INFOPLIST_FILE = WeDoItTogether/Others/Info.plist;
				INFOPLIST_KEY_UIApplicationSupportsIndirectInputEvents = YES;
				INFOPLIST_KEY_UILaunchStoryboardName = LaunchScreen;
				INFOPLIST_KEY_UISupportedInterfaceOrientations_iPad = "UIInterfaceOrientationPortrait UIInterfaceOrientationPortraitUpsideDown UIInterfaceOrientationLandscapeLeft UIInterfaceOrientationLandscapeRight";
				INFOPLIST_KEY_UISupportedInterfaceOrientations_iPhone = "UIInterfaceOrientationPortrait UIInterfaceOrientationLandscapeLeft UIInterfaceOrientationLandscapeRight";
				LD_RUNPATH_SEARCH_PATHS = (
					"$(inherited)",
					"@executable_path/Frameworks",
				);
				MARKETING_VERSION = 1.0;
				PRODUCT_BUNDLE_IDENTIFIER = com.tori.WeDoItTogether;
				PRODUCT_NAME = "$(TARGET_NAME)";
				SWIFT_EMIT_LOC_STRINGS = YES;
				SWIFT_VERSION = 5.0;
				TARGETED_DEVICE_FAMILY = "1,2";
			};
			name = Debug;
		};
		534F55352A603B1200A565F8 /* Release */ = {
			isa = XCBuildConfiguration;
			buildSettings = {
				ASSETCATALOG_COMPILER_APPICON_NAME = AppIcon;
				ASSETCATALOG_COMPILER_GLOBAL_ACCENT_COLOR_NAME = AccentColor;
				CODE_SIGN_STYLE = Automatic;
				CURRENT_PROJECT_VERSION = 1;
				DEVELOPMENT_TEAM = 977J65FA28;
				GENERATE_INFOPLIST_FILE = YES;
				INFOPLIST_FILE = WeDoItTogether/Others/Info.plist;
				INFOPLIST_KEY_UIApplicationSupportsIndirectInputEvents = YES;
				INFOPLIST_KEY_UILaunchStoryboardName = LaunchScreen;
				INFOPLIST_KEY_UISupportedInterfaceOrientations_iPad = "UIInterfaceOrientationPortrait UIInterfaceOrientationPortraitUpsideDown UIInterfaceOrientationLandscapeLeft UIInterfaceOrientationLandscapeRight";
				INFOPLIST_KEY_UISupportedInterfaceOrientations_iPhone = "UIInterfaceOrientationPortrait UIInterfaceOrientationLandscapeLeft UIInterfaceOrientationLandscapeRight";
				LD_RUNPATH_SEARCH_PATHS = (
					"$(inherited)",
					"@executable_path/Frameworks",
				);
				MARKETING_VERSION = 1.0;
				PRODUCT_BUNDLE_IDENTIFIER = com.tori.WeDoItTogether;
				PRODUCT_NAME = "$(TARGET_NAME)";
				SWIFT_EMIT_LOC_STRINGS = YES;
				SWIFT_VERSION = 5.0;
				TARGETED_DEVICE_FAMILY = "1,2";
			};
			name = Release;
		};
/* End XCBuildConfiguration section */

/* Begin XCConfigurationList section */
		534F551A2A603B1000A565F8 /* Build configuration list for PBXProject "WeDoItTogether" */ = {
			isa = XCConfigurationList;
			buildConfigurations = (
				534F55312A603B1200A565F8 /* Debug */,
				534F55322A603B1200A565F8 /* Release */,
			);
			defaultConfigurationIsVisible = 0;
			defaultConfigurationName = Release;
		};
		534F55332A603B1200A565F8 /* Build configuration list for PBXNativeTarget "WeDoItTogether" */ = {
			isa = XCConfigurationList;
			buildConfigurations = (
				534F55342A603B1200A565F8 /* Debug */,
				534F55352A603B1200A565F8 /* Release */,
			);
			defaultConfigurationIsVisible = 0;
			defaultConfigurationName = Release;
		};
/* End XCConfigurationList section */

/* Begin XCRemoteSwiftPackageReference section */
		B109F9232A60687E002E870C /* XCRemoteSwiftPackageReference "firebase-ios-sdk" */ = {
			isa = XCRemoteSwiftPackageReference;
			repositoryURL = "https://github.com/firebase/firebase-ios-sdk.git";
			requirement = {
				kind = upToNextMajorVersion;
				minimumVersion = 10.0.0;
			};
		};
/* End XCRemoteSwiftPackageReference section */

/* Begin XCSwiftPackageProductDependency section */
		B109F9242A60687E002E870C /* FirebaseAuth */ = {
			isa = XCSwiftPackageProductDependency;
			package = B109F9232A60687E002E870C /* XCRemoteSwiftPackageReference "firebase-ios-sdk" */;
			productName = FirebaseAuth;
		};
		B109F9262A60687E002E870C /* FirebaseFirestore */ = {
			isa = XCSwiftPackageProductDependency;
			package = B109F9232A60687E002E870C /* XCRemoteSwiftPackageReference "firebase-ios-sdk" */;
			productName = FirebaseFirestore;
		};
		B109F9282A60687E002E870C /* FirebaseFirestoreSwift */ = {
			isa = XCSwiftPackageProductDependency;
			package = B109F9232A60687E002E870C /* XCRemoteSwiftPackageReference "firebase-ios-sdk" */;
			productName = FirebaseFirestoreSwift;
		};
		B109F92A2A60687E002E870C /* FirebaseStorage */ = {
			isa = XCSwiftPackageProductDependency;
			package = B109F9232A60687E002E870C /* XCRemoteSwiftPackageReference "firebase-ios-sdk" */;
			productName = FirebaseStorage;
		};
/* End XCSwiftPackageProductDependency section */
	};
	rootObject = 534F55172A603B1000A565F8 /* Project object */;
}
