// !$*UTF8*$!
{
	archiveVersion = 1;
	classes = {
	};
	objectVersion = 56;
	objects = {

/* Begin PBXBuildFile section */
		4B21D3392A6A172F00352B29 /* HomeTestModel.swift in Sources */ = {isa = PBXBuildFile; fileRef = 4B21D3382A6A172F00352B29 /* HomeTestModel.swift */; };
		4B46DB102A6D463B00EA7903 /* AddContentViewController.swift in Sources */ = {isa = PBXBuildFile; fileRef = 4B46DB0F2A6D463B00EA7903 /* AddContentViewController.swift */; };
		4B46DB122A6D551100EA7903 /* HomeViewContentCell.swift in Sources */ = {isa = PBXBuildFile; fileRef = 4B46DB112A6D551100EA7903 /* HomeViewContentCell.swift */; };
		4BDD0FDC2A6A19E80065D5C1 /* AddContentView.swift in Sources */ = {isa = PBXBuildFile; fileRef = 4BDD0FDB2A6A19E80065D5C1 /* AddContentView.swift */; };
		4BDD0FDE2A6A1AB60065D5C1 /* DetailContentView.swift in Sources */ = {isa = PBXBuildFile; fileRef = 4BDD0FDD2A6A1AB60065D5C1 /* DetailContentView.swift */; };
		4BDD0FE02A6A20230065D5C1 /* DetailContentViewController.swift in Sources */ = {isa = PBXBuildFile; fileRef = 4BDD0FDF2A6A20230065D5C1 /* DetailContentViewController.swift */; };
		4BF7A0092A6CE9BC004F5C36 /* HomeViewController.swift in Sources */ = {isa = PBXBuildFile; fileRef = 4BF7A0082A6CE9BC004F5C36 /* HomeViewController.swift */; };
		534F55232A603B1000A565F8 /* AppDelegate.swift in Sources */ = {isa = PBXBuildFile; fileRef = 534F55222A603B1000A565F8 /* AppDelegate.swift */; };
		534F55252A603B1000A565F8 /* SceneDelegate.swift in Sources */ = {isa = PBXBuildFile; fileRef = 534F55242A603B1000A565F8 /* SceneDelegate.swift */; };
		534F55272A603B1000A565F8 /* LoginViewController.swift in Sources */ = {isa = PBXBuildFile; fileRef = 534F55262A603B1000A565F8 /* LoginViewController.swift */; };
		534F552C2A603B1200A565F8 /* Assets.xcassets in Resources */ = {isa = PBXBuildFile; fileRef = 534F552B2A603B1200A565F8 /* Assets.xcassets */; };
		534F552F2A603B1200A565F8 /* LaunchScreen.storyboard in Resources */ = {isa = PBXBuildFile; fileRef = 534F552D2A603B1200A565F8 /* LaunchScreen.storyboard */; };
		534F55372A603B9400A565F8 /* LoginView.swift in Sources */ = {isa = PBXBuildFile; fileRef = 534F55362A603B9400A565F8 /* LoginView.swift */; };
		534F55392A60713300A565F8 /* ProfileView.swift in Sources */ = {isa = PBXBuildFile; fileRef = 534F55382A60713300A565F8 /* ProfileView.swift */; };
		534F553B2A60718600A565F8 /* ProfileViewController.swift in Sources */ = {isa = PBXBuildFile; fileRef = 534F553A2A60718600A565F8 /* ProfileViewController.swift */; };
		534F553D2A60721E00A565F8 /* ChattingViewController.swift in Sources */ = {isa = PBXBuildFile; fileRef = 534F553C2A60721E00A565F8 /* ChattingViewController.swift */; };
		534F553F2A60723C00A565F8 /* NotificationViewController.swift in Sources */ = {isa = PBXBuildFile; fileRef = 534F553E2A60723C00A565F8 /* NotificationViewController.swift */; };
		534F55412A60724E00A565F8 /* ChattingView.swift in Sources */ = {isa = PBXBuildFile; fileRef = 534F55402A60724E00A565F8 /* ChattingView.swift */; };
		534F55432A60726000A565F8 /* NotificationView.swift in Sources */ = {isa = PBXBuildFile; fileRef = 534F55422A60726000A565F8 /* NotificationView.swift */; };
		534F55E82A68DD3E00A565F8 /* UIView+Extensions.swift in Sources */ = {isa = PBXBuildFile; fileRef = 534F55E72A68DD3E00A565F8 /* UIView+Extensions.swift */; };
		534F55EA2A68DDF600A565F8 /* NotificationContentsTableViewCell.swift in Sources */ = {isa = PBXBuildFile; fileRef = 534F55E92A68DDF600A565F8 /* NotificationContentsTableViewCell.swift */; };
		534F55EC2A68DE2200A565F8 /* SystemNotificationViewController.swift in Sources */ = {isa = PBXBuildFile; fileRef = 534F55EB2A68DE2200A565F8 /* SystemNotificationViewController.swift */; };
		534F55EE2A68DE2900A565F8 /* UserNotificationViewController.swift in Sources */ = {isa = PBXBuildFile; fileRef = 534F55ED2A68DE2900A565F8 /* UserNotificationViewController.swift */; };
		53A724712A6BB9260098A3B3 /* ProfileEditViewController.swift in Sources */ = {isa = PBXBuildFile; fileRef = 53A724702A6BB9260098A3B3 /* ProfileEditViewController.swift */; };
		53A724732A6BB98C0098A3B3 /* ProfileEditView.swift in Sources */ = {isa = PBXBuildFile; fileRef = 53A724722A6BB98C0098A3B3 /* ProfileEditView.swift */; };
		53A724EE2A717BC60098A3B3 /* PasswordEditViewController.swift in Sources */ = {isa = PBXBuildFile; fileRef = 53A724ED2A717BC60098A3B3 /* PasswordEditViewController.swift */; };
		53A724F02A717BE70098A3B3 /* PasswordEditView.swift in Sources */ = {isa = PBXBuildFile; fileRef = 53A724EF2A717BE70098A3B3 /* PasswordEditView.swift */; };
		5458D50A2A7BBB5700C98C17 /* ChatListCell.swift in Sources */ = {isa = PBXBuildFile; fileRef = 5458D5082A7BBB5600C98C17 /* ChatListCell.swift */; };
		5458D50B2A7BBB5700C98C17 /* ChattingCell.swift in Sources */ = {isa = PBXBuildFile; fileRef = 5458D5092A7BBB5600C98C17 /* ChattingCell.swift */; };
		5458D50D2A7BBB7600C98C17 /* ChatListView.swift in Sources */ = {isa = PBXBuildFile; fileRef = 5458D50C2A7BBB7600C98C17 /* ChatListView.swift */; };
		5458D50F2A7BBB7C00C98C17 /* ChatListViewController.swift in Sources */ = {isa = PBXBuildFile; fileRef = 5458D50E2A7BBB7C00C98C17 /* ChatListViewController.swift */; };
		5458D5112A7BBB9800C98C17 /* ChatList.swift in Sources */ = {isa = PBXBuildFile; fileRef = 5458D5102A7BBB9800C98C17 /* ChatList.swift */; };
		5458D5132A7BE8E500C98C17 /* TestViewController.swift in Sources */ = {isa = PBXBuildFile; fileRef = 5458D5122A7BE8E500C98C17 /* TestViewController.swift */; };
		548060882A696AF0000DFC56 /* ForgetPasswordVIew.swift in Sources */ = {isa = PBXBuildFile; fileRef = 548060872A696AF0000DFC56 /* ForgetPasswordVIew.swift */; };
		5480608A2A696B0C000DFC56 /* ForgetPasswordViewController.swift in Sources */ = {isa = PBXBuildFile; fileRef = 548060892A696B0C000DFC56 /* ForgetPasswordViewController.swift */; };
		B101A1BD2A681CEF00B92ECF /* RegisterView.swift in Sources */ = {isa = PBXBuildFile; fileRef = B101A1BC2A681CEE00B92ECF /* RegisterView.swift */; };
		B101A1C02A681D0D00B92ECF /* RegisterViewController.swift in Sources */ = {isa = PBXBuildFile; fileRef = B101A1BF2A681D0D00B92ECF /* RegisterViewController.swift */; };
		B109F91A2A605A97002E870C /* TabBarController.swift in Sources */ = {isa = PBXBuildFile; fileRef = B109F9192A605A97002E870C /* TabBarController.swift */; };
		B109F9202A605C5B002E870C /* HomeView.swift in Sources */ = {isa = PBXBuildFile; fileRef = B109F91F2A605C5B002E870C /* HomeView.swift */; };
		B109F92E2A6068D4002E870C /* GoogleService-Info.plist in Resources */ = {isa = PBXBuildFile; fileRef = B109F92D2A6068D3002E870C /* GoogleService-Info.plist */; };
		B11477292A6909FF003AB9C7 /* User.swift in Sources */ = {isa = PBXBuildFile; fileRef = B11477282A6909FF003AB9C7 /* User.swift */; };
		B114772B2A690A23003AB9C7 /* String+Extensions.swift in Sources */ = {isa = PBXBuildFile; fileRef = B114772A2A690A22003AB9C7 /* String+Extensions.swift */; };
		B114772D2A690AAC003AB9C7 /* UIViewController+Extensions.swift in Sources */ = {isa = PBXBuildFile; fileRef = B114772C2A690AAC003AB9C7 /* UIViewController+Extensions.swift */; };
		B114772F2A6932C6003AB9C7 /* Encodable+Extensions.swift in Sources */ = {isa = PBXBuildFile; fileRef = B114772E2A6932C5003AB9C7 /* Encodable+Extensions.swift */; };
		B18B47CB2A7AB898006EC979 /* MapCollectionViewCell.swift in Sources */ = {isa = PBXBuildFile; fileRef = B18B47CA2A7AB898006EC979 /* MapCollectionViewCell.swift */; };
		B18B47CE2A7AC903006EC979 /* UserDefaultsData.swift in Sources */ = {isa = PBXBuildFile; fileRef = B18B47CD2A7AC903006EC979 /* UserDefaultsData.swift */; };
		B18B47D02A7AC98A006EC979 /* CurrentLocation.swift in Sources */ = {isa = PBXBuildFile; fileRef = B18B47CF2A7AC98A006EC979 /* CurrentLocation.swift */; };
		B1E5CB8A2A70B3F4004317EE /* FirebaseAuth in Frameworks */ = {isa = PBXBuildFile; productRef = B1E5CB892A70B3F4004317EE /* FirebaseAuth */; };
		B1E5CB8C2A70B3F4004317EE /* FirebaseDatabase in Frameworks */ = {isa = PBXBuildFile; productRef = B1E5CB8B2A70B3F4004317EE /* FirebaseDatabase */; };
		B1E5CB8E2A70B3F4004317EE /* FirebaseDatabaseSwift in Frameworks */ = {isa = PBXBuildFile; productRef = B1E5CB8D2A70B3F4004317EE /* FirebaseDatabaseSwift */; };
		B1E5CB902A70B3F4004317EE /* FirebaseStorage in Frameworks */ = {isa = PBXBuildFile; productRef = B1E5CB8F2A70B3F4004317EE /* FirebaseStorage */; };
		B1E5CB932A70B406004317EE /* SwiftSMTP in Frameworks */ = {isa = PBXBuildFile; productRef = B1E5CB922A70B406004317EE /* SwiftSMTP */; };
/* End PBXBuildFile section */

/* Begin PBXFileReference section */
		4B21D3382A6A172F00352B29 /* HomeTestModel.swift */ = {isa = PBXFileReference; lastKnownFileType = sourcecode.swift; path = HomeTestModel.swift; sourceTree = "<group>"; };
		4B46DB0F2A6D463B00EA7903 /* AddContentViewController.swift */ = {isa = PBXFileReference; lastKnownFileType = sourcecode.swift; path = AddContentViewController.swift; sourceTree = "<group>"; };
		4B46DB112A6D551100EA7903 /* HomeViewContentCell.swift */ = {isa = PBXFileReference; lastKnownFileType = sourcecode.swift; path = HomeViewContentCell.swift; sourceTree = "<group>"; };
		4BDD0FDB2A6A19E80065D5C1 /* AddContentView.swift */ = {isa = PBXFileReference; lastKnownFileType = sourcecode.swift; path = AddContentView.swift; sourceTree = "<group>"; };
		4BDD0FDD2A6A1AB60065D5C1 /* DetailContentView.swift */ = {isa = PBXFileReference; lastKnownFileType = sourcecode.swift; path = DetailContentView.swift; sourceTree = "<group>"; };
		4BDD0FDF2A6A20230065D5C1 /* DetailContentViewController.swift */ = {isa = PBXFileReference; lastKnownFileType = sourcecode.swift; path = DetailContentViewController.swift; sourceTree = "<group>"; };
		4BF7A0082A6CE9BC004F5C36 /* HomeViewController.swift */ = {isa = PBXFileReference; lastKnownFileType = sourcecode.swift; path = HomeViewController.swift; sourceTree = "<group>"; };
		534F551F2A603B1000A565F8 /* WeDoItTogether.app */ = {isa = PBXFileReference; explicitFileType = wrapper.application; includeInIndex = 0; path = WeDoItTogether.app; sourceTree = BUILT_PRODUCTS_DIR; };
		534F55222A603B1000A565F8 /* AppDelegate.swift */ = {isa = PBXFileReference; lastKnownFileType = sourcecode.swift; path = AppDelegate.swift; sourceTree = "<group>"; };
		534F55242A603B1000A565F8 /* SceneDelegate.swift */ = {isa = PBXFileReference; lastKnownFileType = sourcecode.swift; path = SceneDelegate.swift; sourceTree = "<group>"; };
		534F55262A603B1000A565F8 /* LoginViewController.swift */ = {isa = PBXFileReference; lastKnownFileType = sourcecode.swift; path = LoginViewController.swift; sourceTree = "<group>"; };
		534F552B2A603B1200A565F8 /* Assets.xcassets */ = {isa = PBXFileReference; lastKnownFileType = folder.assetcatalog; path = Assets.xcassets; sourceTree = "<group>"; };
		534F552E2A603B1200A565F8 /* Base */ = {isa = PBXFileReference; lastKnownFileType = file.storyboard; name = Base; path = Base.lproj/LaunchScreen.storyboard; sourceTree = "<group>"; };
		534F55302A603B1200A565F8 /* Info.plist */ = {isa = PBXFileReference; lastKnownFileType = text.plist.xml; name = Info.plist; path = WeDoItTogether/Others/Info.plist; sourceTree = SOURCE_ROOT; };
		534F55362A603B9400A565F8 /* LoginView.swift */ = {isa = PBXFileReference; lastKnownFileType = sourcecode.swift; path = LoginView.swift; sourceTree = "<group>"; };
		534F55382A60713300A565F8 /* ProfileView.swift */ = {isa = PBXFileReference; lastKnownFileType = sourcecode.swift; path = ProfileView.swift; sourceTree = "<group>"; };
		534F553A2A60718600A565F8 /* ProfileViewController.swift */ = {isa = PBXFileReference; lastKnownFileType = sourcecode.swift; path = ProfileViewController.swift; sourceTree = "<group>"; };
		534F553C2A60721E00A565F8 /* ChattingViewController.swift */ = {isa = PBXFileReference; lastKnownFileType = sourcecode.swift; path = ChattingViewController.swift; sourceTree = "<group>"; };
		534F553E2A60723C00A565F8 /* NotificationViewController.swift */ = {isa = PBXFileReference; lastKnownFileType = sourcecode.swift; path = NotificationViewController.swift; sourceTree = "<group>"; };
		534F55402A60724E00A565F8 /* ChattingView.swift */ = {isa = PBXFileReference; lastKnownFileType = sourcecode.swift; path = ChattingView.swift; sourceTree = "<group>"; };
		534F55422A60726000A565F8 /* NotificationView.swift */ = {isa = PBXFileReference; lastKnownFileType = sourcecode.swift; path = NotificationView.swift; sourceTree = "<group>"; };
		534F55E72A68DD3E00A565F8 /* UIView+Extensions.swift */ = {isa = PBXFileReference; fileEncoding = 4; lastKnownFileType = sourcecode.swift; name = "UIView+Extensions.swift"; path = "WeDoItTogether/Extensions/UIView+Extensions.swift"; sourceTree = SOURCE_ROOT; };
		534F55E92A68DDF600A565F8 /* NotificationContentsTableViewCell.swift */ = {isa = PBXFileReference; fileEncoding = 4; lastKnownFileType = sourcecode.swift; path = NotificationContentsTableViewCell.swift; sourceTree = "<group>"; };
		534F55EB2A68DE2200A565F8 /* SystemNotificationViewController.swift */ = {isa = PBXFileReference; fileEncoding = 4; lastKnownFileType = sourcecode.swift; path = SystemNotificationViewController.swift; sourceTree = "<group>"; };
		534F55ED2A68DE2900A565F8 /* UserNotificationViewController.swift */ = {isa = PBXFileReference; fileEncoding = 4; lastKnownFileType = sourcecode.swift; path = UserNotificationViewController.swift; sourceTree = "<group>"; };
		53A724702A6BB9260098A3B3 /* ProfileEditViewController.swift */ = {isa = PBXFileReference; lastKnownFileType = sourcecode.swift; path = ProfileEditViewController.swift; sourceTree = "<group>"; };
		53A724722A6BB98C0098A3B3 /* ProfileEditView.swift */ = {isa = PBXFileReference; lastKnownFileType = sourcecode.swift; path = ProfileEditView.swift; sourceTree = "<group>"; };
		53A724ED2A717BC60098A3B3 /* PasswordEditViewController.swift */ = {isa = PBXFileReference; lastKnownFileType = sourcecode.swift; path = PasswordEditViewController.swift; sourceTree = "<group>"; };
		53A724EF2A717BE70098A3B3 /* PasswordEditView.swift */ = {isa = PBXFileReference; lastKnownFileType = sourcecode.swift; path = PasswordEditView.swift; sourceTree = "<group>"; };
		5458D5082A7BBB5600C98C17 /* ChatListCell.swift */ = {isa = PBXFileReference; fileEncoding = 4; lastKnownFileType = sourcecode.swift; path = ChatListCell.swift; sourceTree = "<group>"; };
		5458D5092A7BBB5600C98C17 /* ChattingCell.swift */ = {isa = PBXFileReference; fileEncoding = 4; lastKnownFileType = sourcecode.swift; path = ChattingCell.swift; sourceTree = "<group>"; };
		5458D50C2A7BBB7600C98C17 /* ChatListView.swift */ = {isa = PBXFileReference; fileEncoding = 4; lastKnownFileType = sourcecode.swift; path = ChatListView.swift; sourceTree = "<group>"; };
		5458D50E2A7BBB7C00C98C17 /* ChatListViewController.swift */ = {isa = PBXFileReference; fileEncoding = 4; lastKnownFileType = sourcecode.swift; path = ChatListViewController.swift; sourceTree = "<group>"; };
		5458D5102A7BBB9800C98C17 /* ChatList.swift */ = {isa = PBXFileReference; fileEncoding = 4; lastKnownFileType = sourcecode.swift; path = ChatList.swift; sourceTree = "<group>"; };
		5458D5122A7BE8E500C98C17 /* TestViewController.swift */ = {isa = PBXFileReference; lastKnownFileType = sourcecode.swift; path = TestViewController.swift; sourceTree = "<group>"; };
		548060872A696AF0000DFC56 /* ForgetPasswordVIew.swift */ = {isa = PBXFileReference; fileEncoding = 4; lastKnownFileType = sourcecode.swift; path = ForgetPasswordVIew.swift; sourceTree = "<group>"; };
		548060892A696B0C000DFC56 /* ForgetPasswordViewController.swift */ = {isa = PBXFileReference; fileEncoding = 4; lastKnownFileType = sourcecode.swift; path = ForgetPasswordViewController.swift; sourceTree = "<group>"; };
		B101A1BC2A681CEE00B92ECF /* RegisterView.swift */ = {isa = PBXFileReference; lastKnownFileType = sourcecode.swift; path = RegisterView.swift; sourceTree = "<group>"; };
		B101A1BF2A681D0D00B92ECF /* RegisterViewController.swift */ = {isa = PBXFileReference; lastKnownFileType = sourcecode.swift; path = RegisterViewController.swift; sourceTree = "<group>"; };
		B109F9192A605A97002E870C /* TabBarController.swift */ = {isa = PBXFileReference; lastKnownFileType = sourcecode.swift; path = TabBarController.swift; sourceTree = "<group>"; };
		B109F91F2A605C5B002E870C /* HomeView.swift */ = {isa = PBXFileReference; lastKnownFileType = sourcecode.swift; path = HomeView.swift; sourceTree = "<group>"; };
		B109F92D2A6068D3002E870C /* GoogleService-Info.plist */ = {isa = PBXFileReference; fileEncoding = 4; lastKnownFileType = text.plist.xml; path = "GoogleService-Info.plist"; sourceTree = "<group>"; };
		B11477282A6909FF003AB9C7 /* User.swift */ = {isa = PBXFileReference; lastKnownFileType = sourcecode.swift; path = User.swift; sourceTree = "<group>"; };
		B114772A2A690A22003AB9C7 /* String+Extensions.swift */ = {isa = PBXFileReference; lastKnownFileType = sourcecode.swift; path = "String+Extensions.swift"; sourceTree = "<group>"; };
		B114772C2A690AAC003AB9C7 /* UIViewController+Extensions.swift */ = {isa = PBXFileReference; lastKnownFileType = sourcecode.swift; path = "UIViewController+Extensions.swift"; sourceTree = "<group>"; };
		B114772E2A6932C5003AB9C7 /* Encodable+Extensions.swift */ = {isa = PBXFileReference; lastKnownFileType = sourcecode.swift; path = "Encodable+Extensions.swift"; sourceTree = "<group>"; };
		B18B47CA2A7AB898006EC979 /* MapCollectionViewCell.swift */ = {isa = PBXFileReference; lastKnownFileType = sourcecode.swift; path = MapCollectionViewCell.swift; sourceTree = "<group>"; };
		B18B47CD2A7AC903006EC979 /* UserDefaultsData.swift */ = {isa = PBXFileReference; lastKnownFileType = sourcecode.swift; path = UserDefaultsData.swift; sourceTree = "<group>"; };
		B18B47CF2A7AC98A006EC979 /* CurrentLocation.swift */ = {isa = PBXFileReference; lastKnownFileType = sourcecode.swift; path = CurrentLocation.swift; sourceTree = "<group>"; };
		B1E5CB842A70A989004317EE /* MailCore2_bridge.h */ = {isa = PBXFileReference; fileEncoding = 4; lastKnownFileType = sourcecode.c.h; path = MailCore2_bridge.h; sourceTree = "<group>"; };
/* End PBXFileReference section */

/* Begin PBXFrameworksBuildPhase section */
		534F551C2A603B1000A565F8 /* Frameworks */ = {
			isa = PBXFrameworksBuildPhase;
			buildActionMask = 2147483647;
			files = (
				B1E5CB8E2A70B3F4004317EE /* FirebaseDatabaseSwift in Frameworks */,
				B1E5CB902A70B3F4004317EE /* FirebaseStorage in Frameworks */,
				B1E5CB932A70B406004317EE /* SwiftSMTP in Frameworks */,
				B1E5CB8C2A70B3F4004317EE /* FirebaseDatabase in Frameworks */,
				B1E5CB8A2A70B3F4004317EE /* FirebaseAuth in Frameworks */,
			);
			runOnlyForDeploymentPostprocessing = 0;
		};
/* End PBXFrameworksBuildPhase section */

/* Begin PBXGroup section */
		53479FF72A699EDE00645844 /* Cell */ = {
			isa = PBXGroup;
			children = (
				5458D5082A7BBB5600C98C17 /* ChatListCell.swift */,
				5458D5092A7BBB5600C98C17 /* ChattingCell.swift */,
				534F55E92A68DDF600A565F8 /* NotificationContentsTableViewCell.swift */,
				4B46DB112A6D551100EA7903 /* HomeViewContentCell.swift */,
				B18B47CA2A7AB898006EC979 /* MapCollectionViewCell.swift */,
			);
			path = Cell;
			sourceTree = "<group>";
		};
		53479FF82A699F0300645844 /* Home */ = {
			isa = PBXGroup;
			children = (
				B109F91F2A605C5B002E870C /* HomeView.swift */,
				4BDD0FDB2A6A19E80065D5C1 /* AddContentView.swift */,
				4BDD0FDD2A6A1AB60065D5C1 /* DetailContentView.swift */,
			);
			path = Home;
			sourceTree = "<group>";
		};
		53479FF92A699F0800645844 /* Profile */ = {
			isa = PBXGroup;
			children = (
				534F55382A60713300A565F8 /* ProfileView.swift */,
				53A724722A6BB98C0098A3B3 /* ProfileEditView.swift */,
				53A724EF2A717BE70098A3B3 /* PasswordEditView.swift */,
			);
			path = Profile;
			sourceTree = "<group>";
		};
		53479FFA2A699F1300645844 /* Chatting */ = {
			isa = PBXGroup;
			children = (
				5458D50C2A7BBB7600C98C17 /* ChatListView.swift */,
				534F55402A60724E00A565F8 /* ChattingView.swift */,
			);
			path = Chatting;
			sourceTree = "<group>";
		};
		53479FFB2A699F1C00645844 /* Notification */ = {
			isa = PBXGroup;
			children = (
				534F55422A60726000A565F8 /* NotificationView.swift */,
			);
			path = Notification;
			sourceTree = "<group>";
		};
		53479FFC2A699F3F00645844 /* Home */ = {
			isa = PBXGroup;
			children = (
				4BF7A0082A6CE9BC004F5C36 /* HomeViewController.swift */,
				4B46DB0F2A6D463B00EA7903 /* AddContentViewController.swift */,
				4BDD0FDF2A6A20230065D5C1 /* DetailContentViewController.swift */,
				5458D5122A7BE8E500C98C17 /* TestViewController.swift */,
			);
			path = Home;
			sourceTree = "<group>";
		};
		53479FFD2A699F4500645844 /* Profile */ = {
			isa = PBXGroup;
			children = (
				534F553A2A60718600A565F8 /* ProfileViewController.swift */,
				53A724702A6BB9260098A3B3 /* ProfileEditViewController.swift */,
				53A724ED2A717BC60098A3B3 /* PasswordEditViewController.swift */,
			);
			path = Profile;
			sourceTree = "<group>";
		};
		53479FFE2A699F4E00645844 /* Notification */ = {
			isa = PBXGroup;
			children = (
				534F55EB2A68DE2200A565F8 /* SystemNotificationViewController.swift */,
				534F55ED2A68DE2900A565F8 /* UserNotificationViewController.swift */,
				534F553E2A60723C00A565F8 /* NotificationViewController.swift */,
			);
			path = Notification;
			sourceTree = "<group>";
		};
		53479FFF2A699F5A00645844 /* Chatting */ = {
			isa = PBXGroup;
			children = (
				5458D50E2A7BBB7C00C98C17 /* ChatListViewController.swift */,
				534F553C2A60721E00A565F8 /* ChattingViewController.swift */,
			);
			path = Chatting;
			sourceTree = "<group>";
		};
		534F55162A603B1000A565F8 = {
			isa = PBXGroup;
			children = (
				534F55212A603B1000A565F8 /* WeDoItTogether */,
				534F55202A603B1000A565F8 /* Products */,
				B11477302A69331E003AB9C7 /* Frameworks */,
			);
			sourceTree = "<group>";
		};
		534F55202A603B1000A565F8 /* Products */ = {
			isa = PBXGroup;
			children = (
				534F551F2A603B1000A565F8 /* WeDoItTogether.app */,
			);
			name = Products;
			sourceTree = "<group>";
		};
		534F55212A603B1000A565F8 /* WeDoItTogether */ = {
			isa = PBXGroup;
			children = (
				B109F92C2A60688D002E870C /* Others */,
				B18B47CC2A7AC8D0006EC979 /* UserDefaults */,
				B11477272A6909ED003AB9C7 /* Extensions */,
				B11477262A6909E1003AB9C7 /* Model */,
				B109F91C2A605AAA002E870C /* Controller */,
				53479FF72A699EDE00645844 /* Cell */,
				B109F91B2A605AA1002E870C /* View */,
			);
			path = WeDoItTogether;
			sourceTree = "<group>";
		};
		B101A1BB2A681C9200B92ECF /* Login */ = {
			isa = PBXGroup;
			children = (
				534F55362A603B9400A565F8 /* LoginView.swift */,
				B101A1BC2A681CEE00B92ECF /* RegisterView.swift */,
				548060872A696AF0000DFC56 /* ForgetPasswordVIew.swift */,
			);
			path = Login;
			sourceTree = "<group>";
		};
		B101A1BE2A681CF900B92ECF /* Login */ = {
			isa = PBXGroup;
			children = (
				534F55262A603B1000A565F8 /* LoginViewController.swift */,
				B101A1BF2A681D0D00B92ECF /* RegisterViewController.swift */,
				548060892A696B0C000DFC56 /* ForgetPasswordViewController.swift */,
			);
			path = Login;
			sourceTree = "<group>";
		};
		B109F91B2A605AA1002E870C /* View */ = {
			isa = PBXGroup;
			children = (
				B101A1BB2A681C9200B92ECF /* Login */,
				53479FF82A699F0300645844 /* Home */,
				53479FF92A699F0800645844 /* Profile */,
				53479FFA2A699F1300645844 /* Chatting */,
				53479FFB2A699F1C00645844 /* Notification */,
			);
			path = View;
			sourceTree = "<group>";
		};
		B109F91C2A605AAA002E870C /* Controller */ = {
			isa = PBXGroup;
			children = (
				B109F9192A605A97002E870C /* TabBarController.swift */,
				B101A1BE2A681CF900B92ECF /* Login */,
				53479FFC2A699F3F00645844 /* Home */,
				53479FFD2A699F4500645844 /* Profile */,
				53479FFE2A699F4E00645844 /* Notification */,
				53479FFF2A699F5A00645844 /* Chatting */,
			);
			path = Controller;
			sourceTree = "<group>";
		};
		B109F92C2A60688D002E870C /* Others */ = {
			isa = PBXGroup;
			children = (
				B1E5CB842A70A989004317EE /* MailCore2_bridge.h */,
				B109F92D2A6068D3002E870C /* GoogleService-Info.plist */,
				534F55222A603B1000A565F8 /* AppDelegate.swift */,
				534F55242A603B1000A565F8 /* SceneDelegate.swift */,
				534F552B2A603B1200A565F8 /* Assets.xcassets */,
				534F552D2A603B1200A565F8 /* LaunchScreen.storyboard */,
				534F55302A603B1200A565F8 /* Info.plist */,
			);
			path = Others;
			sourceTree = "<group>";
		};
		B11477262A6909E1003AB9C7 /* Model */ = {
			isa = PBXGroup;
			children = (
				5458D5102A7BBB9800C98C17 /* ChatList.swift */,
				B11477282A6909FF003AB9C7 /* User.swift */,
				B18B47CF2A7AC98A006EC979 /* CurrentLocation.swift */,
				4B21D3382A6A172F00352B29 /* HomeTestModel.swift */,
			);
			path = Model;
			sourceTree = "<group>";
		};
		B11477272A6909ED003AB9C7 /* Extensions */ = {
			isa = PBXGroup;
			children = (
				B114772A2A690A22003AB9C7 /* String+Extensions.swift */,
				B114772C2A690AAC003AB9C7 /* UIViewController+Extensions.swift */,
				B114772E2A6932C5003AB9C7 /* Encodable+Extensions.swift */,
				534F55E72A68DD3E00A565F8 /* UIView+Extensions.swift */,
			);
			path = Extensions;
			sourceTree = "<group>";
		};
		B11477302A69331E003AB9C7 /* Frameworks */ = {
			isa = PBXGroup;
			children = (
			);
			name = Frameworks;
			sourceTree = "<group>";
		};
		B18B47CC2A7AC8D0006EC979 /* UserDefaults */ = {
			isa = PBXGroup;
			children = (
				B18B47CD2A7AC903006EC979 /* UserDefaultsData.swift */,
			);
			path = UserDefaults;
			sourceTree = "<group>";
		};
/* End PBXGroup section */

/* Begin PBXNativeTarget section */
		534F551E2A603B1000A565F8 /* WeDoItTogether */ = {
			isa = PBXNativeTarget;
			buildConfigurationList = 534F55332A603B1200A565F8 /* Build configuration list for PBXNativeTarget "WeDoItTogether" */;
			buildPhases = (
				534F551B2A603B1000A565F8 /* Sources */,
				534F551C2A603B1000A565F8 /* Frameworks */,
				534F551D2A603B1000A565F8 /* Resources */,
			);
			buildRules = (
			);
			dependencies = (
			);
			name = WeDoItTogether;
			packageProductDependencies = (
				B1E5CB892A70B3F4004317EE /* FirebaseAuth */,
				B1E5CB8B2A70B3F4004317EE /* FirebaseDatabase */,
				B1E5CB8D2A70B3F4004317EE /* FirebaseDatabaseSwift */,
				B1E5CB8F2A70B3F4004317EE /* FirebaseStorage */,
				B1E5CB922A70B406004317EE /* SwiftSMTP */,
			);
			productName = WeDoItTogether;
			productReference = 534F551F2A603B1000A565F8 /* WeDoItTogether.app */;
			productType = "com.apple.product-type.application";
		};
/* End PBXNativeTarget section */

/* Begin PBXProject section */
		534F55172A603B1000A565F8 /* Project object */ = {
			isa = PBXProject;
			attributes = {
				BuildIndependentTargetsInParallel = 1;
				LastSwiftUpdateCheck = 1430;
				LastUpgradeCheck = 1430;
				TargetAttributes = {
					534F551E2A603B1000A565F8 = {
						CreatedOnToolsVersion = 14.3;
					};
				};
			};
			buildConfigurationList = 534F551A2A603B1000A565F8 /* Build configuration list for PBXProject "WeDoItTogether" */;
			compatibilityVersion = "Xcode 14.0";
			developmentRegion = en;
			hasScannedForEncodings = 0;
			knownRegions = (
				en,
				Base,
			);
			mainGroup = 534F55162A603B1000A565F8;
			packageReferences = (
				B1E5CB882A70B3F4004317EE /* XCRemoteSwiftPackageReference "firebase-ios-sdk" */,
				B1E5CB912A70B406004317EE /* XCRemoteSwiftPackageReference "Swift-SMTP" */,
			);
			productRefGroup = 534F55202A603B1000A565F8 /* Products */;
			projectDirPath = "";
			projectRoot = "";
			targets = (
				534F551E2A603B1000A565F8 /* WeDoItTogether */,
			);
		};
/* End PBXProject section */

/* Begin PBXResourcesBuildPhase section */
		534F551D2A603B1000A565F8 /* Resources */ = {
			isa = PBXResourcesBuildPhase;
			buildActionMask = 2147483647;
			files = (
				534F552F2A603B1200A565F8 /* LaunchScreen.storyboard in Resources */,
				B109F92E2A6068D4002E870C /* GoogleService-Info.plist in Resources */,
				534F552C2A603B1200A565F8 /* Assets.xcassets in Resources */,
			);
			runOnlyForDeploymentPostprocessing = 0;
		};
/* End PBXResourcesBuildPhase section */

/* Begin PBXSourcesBuildPhase section */
		534F551B2A603B1000A565F8 /* Sources */ = {
			isa = PBXSourcesBuildPhase;
			buildActionMask = 2147483647;
			files = (
				B114772D2A690AAC003AB9C7 /* UIViewController+Extensions.swift in Sources */,
				53A724712A6BB9260098A3B3 /* ProfileEditViewController.swift in Sources */,
				5458D5132A7BE8E500C98C17 /* TestViewController.swift in Sources */,
				53A724732A6BB98C0098A3B3 /* ProfileEditView.swift in Sources */,
				5458D50D2A7BBB7600C98C17 /* ChatListView.swift in Sources */,
				B18B47CB2A7AB898006EC979 /* MapCollectionViewCell.swift in Sources */,
				548060882A696AF0000DFC56 /* ForgetPasswordVIew.swift in Sources */,
				4B21D3392A6A172F00352B29 /* HomeTestModel.swift in Sources */,
				53A724F02A717BE70098A3B3 /* PasswordEditView.swift in Sources */,
				4BDD0FDE2A6A1AB60065D5C1 /* DetailContentView.swift in Sources */,
				534F55392A60713300A565F8 /* ProfileView.swift in Sources */,
				534F553F2A60723C00A565F8 /* NotificationViewController.swift in Sources */,
				534F55412A60724E00A565F8 /* ChattingView.swift in Sources */,
				534F55432A60726000A565F8 /* NotificationView.swift in Sources */,
				534F55272A603B1000A565F8 /* LoginViewController.swift in Sources */,
				B18B47D02A7AC98A006EC979 /* CurrentLocation.swift in Sources */,
				5480608A2A696B0C000DFC56 /* ForgetPasswordViewController.swift in Sources */,
				5458D50B2A7BBB5700C98C17 /* ChattingCell.swift in Sources */,
				B101A1BD2A681CEF00B92ECF /* RegisterView.swift in Sources */,
				5458D50F2A7BBB7C00C98C17 /* ChatListViewController.swift in Sources */,
				B109F9202A605C5B002E870C /* HomeView.swift in Sources */,
				4B46DB102A6D463B00EA7903 /* AddContentViewController.swift in Sources */,
				534F55EA2A68DDF600A565F8 /* NotificationContentsTableViewCell.swift in Sources */,
				534F55372A603B9400A565F8 /* LoginView.swift in Sources */,
				B109F91A2A605A97002E870C /* TabBarController.swift in Sources */,
				4BDD0FDC2A6A19E80065D5C1 /* AddContentView.swift in Sources */,
				534F55232A603B1000A565F8 /* AppDelegate.swift in Sources */,
				B114772F2A6932C6003AB9C7 /* Encodable+Extensions.swift in Sources */,
				B114772B2A690A23003AB9C7 /* String+Extensions.swift in Sources */,
				4BF7A0092A6CE9BC004F5C36 /* HomeViewController.swift in Sources */,
				B101A1C02A681D0D00B92ECF /* RegisterViewController.swift in Sources */,
				53A724EE2A717BC60098A3B3 /* PasswordEditViewController.swift in Sources */,
				534F553D2A60721E00A565F8 /* ChattingViewController.swift in Sources */,
				534F553B2A60718600A565F8 /* ProfileViewController.swift in Sources */,
				5458D50A2A7BBB5700C98C17 /* ChatListCell.swift in Sources */,
				534F55EE2A68DE2900A565F8 /* UserNotificationViewController.swift in Sources */,
				534F55E82A68DD3E00A565F8 /* UIView+Extensions.swift in Sources */,
				534F55EC2A68DE2200A565F8 /* SystemNotificationViewController.swift in Sources */,
				B18B47CE2A7AC903006EC979 /* UserDefaultsData.swift in Sources */,
				4B46DB122A6D551100EA7903 /* HomeViewContentCell.swift in Sources */,
				534F55252A603B1000A565F8 /* SceneDelegate.swift in Sources */,
				B11477292A6909FF003AB9C7 /* User.swift in Sources */,
				5458D5112A7BBB9800C98C17 /* ChatList.swift in Sources */,
				4BDD0FE02A6A20230065D5C1 /* DetailContentViewController.swift in Sources */,
			);
			runOnlyForDeploymentPostprocessing = 0;
		};
/* End PBXSourcesBuildPhase section */

/* Begin PBXVariantGroup section */
		534F552D2A603B1200A565F8 /* LaunchScreen.storyboard */ = {
			isa = PBXVariantGroup;
			children = (
				534F552E2A603B1200A565F8 /* Base */,
			);
			name = LaunchScreen.storyboard;
			sourceTree = "<group>";
		};
/* End PBXVariantGroup section */

/* Begin XCBuildConfiguration section */
		534F55312A603B1200A565F8 /* Debug */ = {
			isa = XCBuildConfiguration;
			buildSettings = {
				ALWAYS_SEARCH_USER_PATHS = NO;
				CLANG_ANALYZER_NONNULL = YES;
				CLANG_ANALYZER_NUMBER_OBJECT_CONVERSION = YES_AGGRESSIVE;
				CLANG_CXX_LANGUAGE_STANDARD = "gnu++20";
				CLANG_ENABLE_MODULES = YES;
				CLANG_ENABLE_OBJC_ARC = YES;
				CLANG_ENABLE_OBJC_WEAK = YES;
				CLANG_WARN_BLOCK_CAPTURE_AUTORELEASING = YES;
				CLANG_WARN_BOOL_CONVERSION = YES;
				CLANG_WARN_COMMA = YES;
				CLANG_WARN_CONSTANT_CONVERSION = YES;
				CLANG_WARN_DEPRECATED_OBJC_IMPLEMENTATIONS = YES;
				CLANG_WARN_DIRECT_OBJC_ISA_USAGE = YES_ERROR;
				CLANG_WARN_DOCUMENTATION_COMMENTS = YES;
				CLANG_WARN_EMPTY_BODY = YES;
				CLANG_WARN_ENUM_CONVERSION = YES;
				CLANG_WARN_INFINITE_RECURSION = YES;
				CLANG_WARN_INT_CONVERSION = YES;
				CLANG_WARN_NON_LITERAL_NULL_CONVERSION = YES;
				CLANG_WARN_OBJC_IMPLICIT_RETAIN_SELF = YES;
				CLANG_WARN_OBJC_LITERAL_CONVERSION = YES;
				CLANG_WARN_OBJC_ROOT_CLASS = YES_ERROR;
				CLANG_WARN_QUOTED_INCLUDE_IN_FRAMEWORK_HEADER = YES;
				CLANG_WARN_RANGE_LOOP_ANALYSIS = YES;
				CLANG_WARN_STRICT_PROTOTYPES = YES;
				CLANG_WARN_SUSPICIOUS_MOVE = YES;
				CLANG_WARN_UNGUARDED_AVAILABILITY = YES_AGGRESSIVE;
				CLANG_WARN_UNREACHABLE_CODE = YES;
				CLANG_WARN__DUPLICATE_METHOD_MATCH = YES;
				COPY_PHASE_STRIP = NO;
				DEBUG_INFORMATION_FORMAT = dwarf;
				ENABLE_STRICT_OBJC_MSGSEND = YES;
				ENABLE_TESTABILITY = YES;
				GCC_C_LANGUAGE_STANDARD = gnu11;
				GCC_DYNAMIC_NO_PIC = NO;
				GCC_NO_COMMON_BLOCKS = YES;
				GCC_OPTIMIZATION_LEVEL = 0;
				GCC_PREPROCESSOR_DEFINITIONS = (
					"DEBUG=1",
					"$(inherited)",
				);
				GCC_WARN_64_TO_32_BIT_CONVERSION = YES;
				GCC_WARN_ABOUT_RETURN_TYPE = YES_ERROR;
				GCC_WARN_UNDECLARED_SELECTOR = YES;
				GCC_WARN_UNINITIALIZED_AUTOS = YES_AGGRESSIVE;
				GCC_WARN_UNUSED_FUNCTION = YES;
				GCC_WARN_UNUSED_VARIABLE = YES;
				IPHONEOS_DEPLOYMENT_TARGET = 16.4;
				MTL_ENABLE_DEBUG_INFO = INCLUDE_SOURCE;
				MTL_FAST_MATH = YES;
				ONLY_ACTIVE_ARCH = YES;
				SDKROOT = iphoneos;
				SWIFT_ACTIVE_COMPILATION_CONDITIONS = DEBUG;
				SWIFT_OPTIMIZATION_LEVEL = "-Onone";
			};
			name = Debug;
		};
		534F55322A603B1200A565F8 /* Release */ = {
			isa = XCBuildConfiguration;
			buildSettings = {
				ALWAYS_SEARCH_USER_PATHS = NO;
				CLANG_ANALYZER_NONNULL = YES;
				CLANG_ANALYZER_NUMBER_OBJECT_CONVERSION = YES_AGGRESSIVE;
				CLANG_CXX_LANGUAGE_STANDARD = "gnu++20";
				CLANG_ENABLE_MODULES = YES;
				CLANG_ENABLE_OBJC_ARC = YES;
				CLANG_ENABLE_OBJC_WEAK = YES;
				CLANG_WARN_BLOCK_CAPTURE_AUTORELEASING = YES;
				CLANG_WARN_BOOL_CONVERSION = YES;
				CLANG_WARN_COMMA = YES;
				CLANG_WARN_CONSTANT_CONVERSION = YES;
				CLANG_WARN_DEPRECATED_OBJC_IMPLEMENTATIONS = YES;
				CLANG_WARN_DIRECT_OBJC_ISA_USAGE = YES_ERROR;
				CLANG_WARN_DOCUMENTATION_COMMENTS = YES;
				CLANG_WARN_EMPTY_BODY = YES;
				CLANG_WARN_ENUM_CONVERSION = YES;
				CLANG_WARN_INFINITE_RECURSION = YES;
				CLANG_WARN_INT_CONVERSION = YES;
				CLANG_WARN_NON_LITERAL_NULL_CONVERSION = YES;
				CLANG_WARN_OBJC_IMPLICIT_RETAIN_SELF = YES;
				CLANG_WARN_OBJC_LITERAL_CONVERSION = YES;
				CLANG_WARN_OBJC_ROOT_CLASS = YES_ERROR;
				CLANG_WARN_QUOTED_INCLUDE_IN_FRAMEWORK_HEADER = YES;
				CLANG_WARN_RANGE_LOOP_ANALYSIS = YES;
				CLANG_WARN_STRICT_PROTOTYPES = YES;
				CLANG_WARN_SUSPICIOUS_MOVE = YES;
				CLANG_WARN_UNGUARDED_AVAILABILITY = YES_AGGRESSIVE;
				CLANG_WARN_UNREACHABLE_CODE = YES;
				CLANG_WARN__DUPLICATE_METHOD_MATCH = YES;
				COPY_PHASE_STRIP = NO;
				DEBUG_INFORMATION_FORMAT = "dwarf-with-dsym";
				ENABLE_NS_ASSERTIONS = NO;
				ENABLE_STRICT_OBJC_MSGSEND = YES;
				GCC_C_LANGUAGE_STANDARD = gnu11;
				GCC_NO_COMMON_BLOCKS = YES;
				GCC_WARN_64_TO_32_BIT_CONVERSION = YES;
				GCC_WARN_ABOUT_RETURN_TYPE = YES_ERROR;
				GCC_WARN_UNDECLARED_SELECTOR = YES;
				GCC_WARN_UNINITIALIZED_AUTOS = YES_AGGRESSIVE;
				GCC_WARN_UNUSED_FUNCTION = YES;
				GCC_WARN_UNUSED_VARIABLE = YES;
				IPHONEOS_DEPLOYMENT_TARGET = 16.4;
				MTL_ENABLE_DEBUG_INFO = NO;
				MTL_FAST_MATH = YES;
				SDKROOT = iphoneos;
				SWIFT_COMPILATION_MODE = wholemodule;
				SWIFT_OPTIMIZATION_LEVEL = "-O";
				VALIDATE_PRODUCT = YES;
			};
			name = Release;
		};
		534F55342A603B1200A565F8 /* Debug */ = {
			isa = XCBuildConfiguration;
			buildSettings = {
				ASSETCATALOG_COMPILER_APPICON_NAME = AppIcon;
				ASSETCATALOG_COMPILER_GLOBAL_ACCENT_COLOR_NAME = AccentColor;
				CODE_SIGN_STYLE = Automatic;
				CURRENT_PROJECT_VERSION = 1;
				DEVELOPMENT_TEAM = C39BYRTABZ;
				GENERATE_INFOPLIST_FILE = YES;
				INFOPLIST_FILE = WeDoItTogether/Others/Info.plist;
				INFOPLIST_KEY_UIApplicationSupportsIndirectInputEvents = YES;
				INFOPLIST_KEY_UILaunchStoryboardName = LaunchScreen;
				INFOPLIST_KEY_UISupportedInterfaceOrientations_iPad = "UIInterfaceOrientationPortrait UIInterfaceOrientationPortraitUpsideDown UIInterfaceOrientationLandscapeLeft UIInterfaceOrientationLandscapeRight";
				INFOPLIST_KEY_UISupportedInterfaceOrientations_iPhone = "UIInterfaceOrientationPortrait UIInterfaceOrientationLandscapeLeft UIInterfaceOrientationLandscapeRight";
				LD_RUNPATH_SEARCH_PATHS = (
					"$(inherited)",
					"@executable_path/Frameworks",
				);
				MARKETING_VERSION = 1.0;
				PRODUCT_BUNDLE_IDENTIFIER = com.tori.WeDoItTogether;
				PRODUCT_NAME = "$(TARGET_NAME)";
				SWIFT_EMIT_LOC_STRINGS = YES;
				SWIFT_VERSION = 5.0;
				TARGETED_DEVICE_FAMILY = "1,2";
			};
			name = Debug;
		};
		534F55352A603B1200A565F8 /* Release */ = {
			isa = XCBuildConfiguration;
			buildSettings = {
				ASSETCATALOG_COMPILER_APPICON_NAME = AppIcon;
				ASSETCATALOG_COMPILER_GLOBAL_ACCENT_COLOR_NAME = AccentColor;
				CODE_SIGN_STYLE = Automatic;
				CURRENT_PROJECT_VERSION = 1;
				DEVELOPMENT_TEAM = C39BYRTABZ;
				GENERATE_INFOPLIST_FILE = YES;
				INFOPLIST_FILE = WeDoItTogether/Others/Info.plist;
				INFOPLIST_KEY_UIApplicationSupportsIndirectInputEvents = YES;
				INFOPLIST_KEY_UILaunchStoryboardName = LaunchScreen;
				INFOPLIST_KEY_UISupportedInterfaceOrientations_iPad = "UIInterfaceOrientationPortrait UIInterfaceOrientationPortraitUpsideDown UIInterfaceOrientationLandscapeLeft UIInterfaceOrientationLandscapeRight";
				INFOPLIST_KEY_UISupportedInterfaceOrientations_iPhone = "UIInterfaceOrientationPortrait UIInterfaceOrientationLandscapeLeft UIInterfaceOrientationLandscapeRight";
				LD_RUNPATH_SEARCH_PATHS = (
					"$(inherited)",
					"@executable_path/Frameworks",
				);
				MARKETING_VERSION = 1.0;
				PRODUCT_BUNDLE_IDENTIFIER = com.tori.WeDoItTogether;
				PRODUCT_NAME = "$(TARGET_NAME)";
				SWIFT_EMIT_LOC_STRINGS = YES;
				SWIFT_VERSION = 5.0;
				TARGETED_DEVICE_FAMILY = "1,2";
			};
			name = Release;
		};
/* End XCBuildConfiguration section */

/* Begin XCConfigurationList section */
		534F551A2A603B1000A565F8 /* Build configuration list for PBXProject "WeDoItTogether" */ = {
			isa = XCConfigurationList;
			buildConfigurations = (
				534F55312A603B1200A565F8 /* Debug */,
				534F55322A603B1200A565F8 /* Release */,
			);
			defaultConfigurationIsVisible = 0;
			defaultConfigurationName = Release;
		};
		534F55332A603B1200A565F8 /* Build configuration list for PBXNativeTarget "WeDoItTogether" */ = {
			isa = XCConfigurationList;
			buildConfigurations = (
				534F55342A603B1200A565F8 /* Debug */,
				534F55352A603B1200A565F8 /* Release */,
			);
			defaultConfigurationIsVisible = 0;
			defaultConfigurationName = Release;
		};
/* End XCConfigurationList section */

/* Begin XCRemoteSwiftPackageReference section */
		B1E5CB882A70B3F4004317EE /* XCRemoteSwiftPackageReference "firebase-ios-sdk" */ = {
			isa = XCRemoteSwiftPackageReference;
			repositoryURL = "https://github.com/firebase/firebase-ios-sdk.git";
			requirement = {
				kind = upToNextMajorVersion;
				minimumVersion = 10.0.0;
			};
		};
		B1E5CB912A70B406004317EE /* XCRemoteSwiftPackageReference "Swift-SMTP" */ = {
			isa = XCRemoteSwiftPackageReference;
			repositoryURL = "https://github.com/IBM-Swift/Swift-SMTP";
			requirement = {
				kind = upToNextMajorVersion;
				minimumVersion = 6.0.0;
			};
		};
/* End XCRemoteSwiftPackageReference section */

/* Begin XCSwiftPackageProductDependency section */
		B1E5CB892A70B3F4004317EE /* FirebaseAuth */ = {
			isa = XCSwiftPackageProductDependency;
			package = B1E5CB882A70B3F4004317EE /* XCRemoteSwiftPackageReference "firebase-ios-sdk" */;
			productName = FirebaseAuth;
		};
		B1E5CB8B2A70B3F4004317EE /* FirebaseDatabase */ = {
			isa = XCSwiftPackageProductDependency;
			package = B1E5CB882A70B3F4004317EE /* XCRemoteSwiftPackageReference "firebase-ios-sdk" */;
			productName = FirebaseDatabase;
		};
		B1E5CB8D2A70B3F4004317EE /* FirebaseDatabaseSwift */ = {
			isa = XCSwiftPackageProductDependency;
			package = B1E5CB882A70B3F4004317EE /* XCRemoteSwiftPackageReference "firebase-ios-sdk" */;
			productName = FirebaseDatabaseSwift;
		};
		B1E5CB8F2A70B3F4004317EE /* FirebaseStorage */ = {
			isa = XCSwiftPackageProductDependency;
			package = B1E5CB882A70B3F4004317EE /* XCRemoteSwiftPackageReference "firebase-ios-sdk" */;
			productName = FirebaseStorage;
		};
		B1E5CB922A70B406004317EE /* SwiftSMTP */ = {
			isa = XCSwiftPackageProductDependency;
			package = B1E5CB912A70B406004317EE /* XCRemoteSwiftPackageReference "Swift-SMTP" */;
			productName = SwiftSMTP;
		};
/* End XCSwiftPackageProductDependency section */
	};
	rootObject = 534F55172A603B1000A565F8 /* Project object */;
}
